<?xml version="1.0" encoding="utf-8"?>
<Project ToolsVersion="4.0" xmlns="http://schemas.microsoft.com/developer/msbuild/2003">
  <ItemGroup>
    <ClCompile Include="..\..\geomcpp.cpp" />
  </ItemGroup>
  <ItemGroup>
    <ClInclude Include="..\..\geomcpp_api.h" />
    <ClInclude Include="..\..\interval_dec.h" />
    <ClInclude Include="..\..\interval_types.h" />
    <ClInclude Include="..\..\interval_tec.h" />
    <ClInclude Include="..\..\vec2.h" />
    <ClInclude Include="..\..\point2.h" />
    <ClInclude Include="..\..\coordsys.h" />
    <ClInclude Include="..\..\rect.h" />
    <ClInclude Include="..\..\circle.h" />
    <ClInclude Include="..\..\line2_rt.h" />
    <ClInclude Include="..\..\line_seg2_rt.h" />
    <ClInclude Include="..\..\line_ray2_rt.h" />
    <ClInclude Include="..\..\line_intersection2_rt.h" />
    <ClInclude Include="..\..\line2_types.h" />
    <ClInclude Include="..\..\line_seg2_ct.h" />
    <ClInclude Include="..\..\line_ray2_ct.h" />
    <ClInclude Include="..\..\line_inf2_ct.h" />
    <ClInclude Include="..\..\line2_ct.h" />
    <ClInclude Include="..\..\line_intersection2_ct.h" />
  </ItemGroup>
</Project>